
Microsoft Visual Studio Solution File, Format Version 12.00
# Visual Studio Version 16
VisualStudioVersion = 16.0.33529.622
MinimumVisualStudioVersion = 10.0.40219.1
Project("{8BC9CEB8-8B4A-11D0-8D11-00A0C91BC942}") = "C_Lang_0", "C_Lang_0\C_Lang_0.vcxproj", "{00F62830-C38C-4F11-953A-D47A111DBB31}"
EndProject
Project("{2150E333-8FDC-42A3-9474-1A3956D46DE8}") = "CLang", "CLang", "{6CF6698B-B959-485B-BE10-CEB2DE288AEA}"
EndProject
Project("{8BC9CEB8-8B4A-11D0-8D11-00A0C91BC942}") = "LinkedList_0", "LinkedList_0\LinkedList_0.vcxproj", "{C89B287C-C6FE-4F65-8311-0017EFF81185}"
EndProject
Project("{2150E333-8FDC-42A3-9474-1A3956D46DE8}") = "LinkedList", "LinkedList", "{9BACC3CF-5ABD-4930-91AC-EBA7D75A0927}"
EndProject
Project("{8BC9CEB8-8B4A-11D0-8D11-00A0C91BC942}") = "practice", "ConsoleApplication1\ConsoleApplication1.vcxproj", "{992DFA7D-1CD9-491D-A144-858FB983F8A9}"
EndProject
Project("{8BC9CEB8-8B4A-11D0-8D11-00A0C91BC942}") = "LinkedList_1", "LinkedList_1\LinkedList_1.vcxproj", "{DFD67BF7-D44C-41D7-BAF2-1A876669B0D6}"
EndProject
Project("{8BC9CEB8-8B4A-11D0-8D11-00A0C91BC942}") = "LinkedList_2", "LinkedList_2\LinkedList_2.vcxproj", "{A6ED73D3-91EC-4C10-A64B-686E4F0D85A8}"
EndProject
Project("{8BC9CEB8-8B4A-11D0-8D11-00A0C91BC942}") = "Individual", "Individual\Individual.vcxproj", "{72F389FA-0BA9-4C37-860C-D74C91210D5E}"
EndProject
Project("{2150E333-8FDC-42A3-9474-1A3956D46DE8}") = "Project", "Project", "{E1D3AAB2-231B-4505-83D5-CF79AB61EAE8}"
EndProject
Project("{8BC9CEB8-8B4A-11D0-8D11-00A0C91BC942}") = "KStudentProject", "KStudentProject\KStudentProject.vcxproj", "{520B8AC7-1340-470F-BD22-BF8BE25CE197}"
EndProject
Project("{8BC9CEB8-8B4A-11D0-8D11-00A0C91BC942}") = "StlVector", "StlVector\StlVector.vcxproj", "{4757F5F7-E6C3-44C2-8728-A8B850DB880F}"
EndProject
Project("{2150E333-8FDC-42A3-9474-1A3956D46DE8}") = "Ds", "Ds", "{EB1F113D-6B3B-45CA-BED6-8BFE5D335C3E}"
EndProject
Project("{8BC9CEB8-8B4A-11D0-8D11-00A0C91BC942}") = "QuadTree", "QuadTree\QuadTree.vcxproj", "{9DC3839F-FDDE-419C-95A2-E9A9E156C889}"
EndProject
Project("{8BC9CEB8-8B4A-11D0-8D11-00A0C91BC942}") = "Stl0", "Stl0\Stl0.vcxproj", "{2B83CA7C-1F84-4E22-9F37-8766EB3D7AF2}"
EndProject
Project("{8BC9CEB8-8B4A-11D0-8D11-00A0C91BC942}") = "KTree", "KTree\KTree.vcxproj", "{6A47704D-331B-4944-9D36-6854E11D21D7}"
EndProject
Project("{8BC9CEB8-8B4A-11D0-8D11-00A0C91BC942}") = "QuadTree1", "QuadTree1\QuadTree1.vcxproj", "{581FC684-3D64-418B-801F-71D0C03B7FC9}"
EndProject
Project("{8BC9CEB8-8B4A-11D0-8D11-00A0C91BC942}") = "OcTree", "OcTree\OcTree.vcxproj", "{7396AD11-E688-47E1-A4D5-78237946D144}"
EndProject
Project("{2150E333-8FDC-42A3-9474-1A3956D46DE8}") = "NewFolder1", "NewFolder1", "{1C3B5426-1F97-4348-BD80-27CF12622DF9}"
EndProject
Global
	GlobalSection(SolutionConfigurationPlatforms) = preSolution
		Debug|x64 = Debug|x64
		Debug|x86 = Debug|x86
		Release|x64 = Release|x64
		Release|x86 = Release|x86
	EndGlobalSection
	GlobalSection(ProjectConfigurationPlatforms) = postSolution
		{00F62830-C38C-4F11-953A-D47A111DBB31}.Debug|x64.ActiveCfg = Debug|x64
		{00F62830-C38C-4F11-953A-D47A111DBB31}.Debug|x64.Build.0 = Debug|x64
		{00F62830-C38C-4F11-953A-D47A111DBB31}.Debug|x86.ActiveCfg = Debug|Win32
		{00F62830-C38C-4F11-953A-D47A111DBB31}.Debug|x86.Build.0 = Debug|Win32
		{00F62830-C38C-4F11-953A-D47A111DBB31}.Release|x64.ActiveCfg = Release|x64
		{00F62830-C38C-4F11-953A-D47A111DBB31}.Release|x64.Build.0 = Release|x64
		{00F62830-C38C-4F11-953A-D47A111DBB31}.Release|x86.ActiveCfg = Release|Win32
		{00F62830-C38C-4F11-953A-D47A111DBB31}.Release|x86.Build.0 = Release|Win32
		{C89B287C-C6FE-4F65-8311-0017EFF81185}.Debug|x64.ActiveCfg = Debug|x64
		{C89B287C-C6FE-4F65-8311-0017EFF81185}.Debug|x64.Build.0 = Debug|x64
		{C89B287C-C6FE-4F65-8311-0017EFF81185}.Debug|x86.ActiveCfg = Debug|Win32
		{C89B287C-C6FE-4F65-8311-0017EFF81185}.Debug|x86.Build.0 = Debug|Win32
		{C89B287C-C6FE-4F65-8311-0017EFF81185}.Release|x64.ActiveCfg = Release|x64
		{C89B287C-C6FE-4F65-8311-0017EFF81185}.Release|x64.Build.0 = Release|x64
		{C89B287C-C6FE-4F65-8311-0017EFF81185}.Release|x86.ActiveCfg = Release|Win32
		{C89B287C-C6FE-4F65-8311-0017EFF81185}.Release|x86.Build.0 = Release|Win32
		{992DFA7D-1CD9-491D-A144-858FB983F8A9}.Debug|x64.ActiveCfg = Debug|x64
		{992DFA7D-1CD9-491D-A144-858FB983F8A9}.Debug|x64.Build.0 = Debug|x64
		{992DFA7D-1CD9-491D-A144-858FB983F8A9}.Debug|x86.ActiveCfg = Debug|Win32
		{992DFA7D-1CD9-491D-A144-858FB983F8A9}.Debug|x86.Build.0 = Debug|Win32
		{992DFA7D-1CD9-491D-A144-858FB983F8A9}.Release|x64.ActiveCfg = Release|x64
		{992DFA7D-1CD9-491D-A144-858FB983F8A9}.Release|x64.Build.0 = Release|x64
		{992DFA7D-1CD9-491D-A144-858FB983F8A9}.Release|x86.ActiveCfg = Release|Win32
		{992DFA7D-1CD9-491D-A144-858FB983F8A9}.Release|x86.Build.0 = Release|Win32
		{DFD67BF7-D44C-41D7-BAF2-1A876669B0D6}.Debug|x64.ActiveCfg = Debug|x64
		{DFD67BF7-D44C-41D7-BAF2-1A876669B0D6}.Debug|x64.Build.0 = Debug|x64
		{DFD67BF7-D44C-41D7-BAF2-1A876669B0D6}.Debug|x86.ActiveCfg = Debug|Win32
		{DFD67BF7-D44C-41D7-BAF2-1A876669B0D6}.Debug|x86.Build.0 = Debug|Win32
		{DFD67BF7-D44C-41D7-BAF2-1A876669B0D6}.Release|x64.ActiveCfg = Release|x64
		{DFD67BF7-D44C-41D7-BAF2-1A876669B0D6}.Release|x64.Build.0 = Release|x64
		{DFD67BF7-D44C-41D7-BAF2-1A876669B0D6}.Release|x86.ActiveCfg = Release|Win32
		{DFD67BF7-D44C-41D7-BAF2-1A876669B0D6}.Release|x86.Build.0 = Release|Win32
		{A6ED73D3-91EC-4C10-A64B-686E4F0D85A8}.Debug|x64.ActiveCfg = Debug|x64
		{A6ED73D3-91EC-4C10-A64B-686E4F0D85A8}.Debug|x64.Build.0 = Debug|x64
		{A6ED73D3-91EC-4C10-A64B-686E4F0D85A8}.Debug|x86.ActiveCfg = Debug|Win32
		{A6ED73D3-91EC-4C10-A64B-686E4F0D85A8}.Debug|x86.Build.0 = Debug|Win32
		{A6ED73D3-91EC-4C10-A64B-686E4F0D85A8}.Release|x64.ActiveCfg = Release|x64
		{A6ED73D3-91EC-4C10-A64B-686E4F0D85A8}.Release|x64.Build.0 = Release|x64
		{A6ED73D3-91EC-4C10-A64B-686E4F0D85A8}.Release|x86.ActiveCfg = Release|Win32
		{A6ED73D3-91EC-4C10-A64B-686E4F0D85A8}.Release|x86.Build.0 = Release|Win32
		{72F389FA-0BA9-4C37-860C-D74C91210D5E}.Debug|x64.ActiveCfg = Debug|x64
		{72F389FA-0BA9-4C37-860C-D74C91210D5E}.Debug|x64.Build.0 = Debug|x64
		{72F389FA-0BA9-4C37-860C-D74C91210D5E}.Debug|x86.ActiveCfg = Debug|Win32
		{72F389FA-0BA9-4C37-860C-D74C91210D5E}.Debug|x86.Build.0 = Debug|Win32
		{72F389FA-0BA9-4C37-860C-D74C91210D5E}.Release|x64.ActiveCfg = Release|x64
		{72F389FA-0BA9-4C37-860C-D74C91210D5E}.Release|x64.Build.0 = Release|x64
		{72F389FA-0BA9-4C37-860C-D74C91210D5E}.Release|x86.ActiveCfg = Release|Win32
		{72F389FA-0BA9-4C37-860C-D74C91210D5E}.Release|x86.Build.0 = Release|Win32
		{520B8AC7-1340-470F-BD22-BF8BE25CE197}.Debug|x64.ActiveCfg = Debug|x64
		{520B8AC7-1340-470F-BD22-BF8BE25CE197}.Debug|x64.Build.0 = Debug|x64
		{520B8AC7-1340-470F-BD22-BF8BE25CE197}.Debug|x86.ActiveCfg = Debug|Win32
		{520B8AC7-1340-470F-BD22-BF8BE25CE197}.Debug|x86.Build.0 = Debug|Win32
		{520B8AC7-1340-470F-BD22-BF8BE25CE197}.Release|x64.ActiveCfg = Release|x64
		{520B8AC7-1340-470F-BD22-BF8BE25CE197}.Release|x64.Build.0 = Release|x64
		{520B8AC7-1340-470F-BD22-BF8BE25CE197}.Release|x86.ActiveCfg = Release|Win32
		{520B8AC7-1340-470F-BD22-BF8BE25CE197}.Release|x86.Build.0 = Release|Win32
		{4757F5F7-E6C3-44C2-8728-A8B850DB880F}.Debug|x64.ActiveCfg = Debug|x64
		{4757F5F7-E6C3-44C2-8728-A8B850DB880F}.Debug|x64.Build.0 = Debug|x64
		{4757F5F7-E6C3-44C2-8728-A8B850DB880F}.Debug|x86.ActiveCfg = Debug|Win32
		{4757F5F7-E6C3-44C2-8728-A8B850DB880F}.Debug|x86.Build.0 = Debug|Win32
		{4757F5F7-E6C3-44C2-8728-A8B850DB880F}.Release|x64.ActiveCfg = Release|x64
		{4757F5F7-E6C3-44C2-8728-A8B850DB880F}.Release|x64.Build.0 = Release|x64
		{4757F5F7-E6C3-44C2-8728-A8B850DB880F}.Release|x86.ActiveCfg = Release|Win32
		{4757F5F7-E6C3-44C2-8728-A8B850DB880F}.Release|x86.Build.0 = Release|Win32
		{9DC3839F-FDDE-419C-95A2-E9A9E156C889}.Debug|x64.ActiveCfg = Debug|x64
		{9DC3839F-FDDE-419C-95A2-E9A9E156C889}.Debug|x64.Build.0 = Debug|x64
		{9DC3839F-FDDE-419C-95A2-E9A9E156C889}.Debug|x86.ActiveCfg = Debug|Win32
		{9DC3839F-FDDE-419C-95A2-E9A9E156C889}.Debug|x86.Build.0 = Debug|Win32
		{9DC3839F-FDDE-419C-95A2-E9A9E156C889}.Release|x64.ActiveCfg = Release|x64
		{9DC3839F-FDDE-419C-95A2-E9A9E156C889}.Release|x64.Build.0 = Release|x64
		{9DC3839F-FDDE-419C-95A2-E9A9E156C889}.Release|x86.ActiveCfg = Release|Win32
		{9DC3839F-FDDE-419C-95A2-E9A9E156C889}.Release|x86.Build.0 = Release|Win32
		{2B83CA7C-1F84-4E22-9F37-8766EB3D7AF2}.Debug|x64.ActiveCfg = Debug|x64
		{2B83CA7C-1F84-4E22-9F37-8766EB3D7AF2}.Debug|x64.Build.0 = Debug|x64
		{2B83CA7C-1F84-4E22-9F37-8766EB3D7AF2}.Debug|x86.ActiveCfg = Debug|Win32
		{2B83CA7C-1F84-4E22-9F37-8766EB3D7AF2}.Debug|x86.Build.0 = Debug|Win32
		{2B83CA7C-1F84-4E22-9F37-8766EB3D7AF2}.Release|x64.ActiveCfg = Release|x64
		{2B83CA7C-1F84-4E22-9F37-8766EB3D7AF2}.Release|x64.Build.0 = Release|x64
		{2B83CA7C-1F84-4E22-9F37-8766EB3D7AF2}.Release|x86.ActiveCfg = Release|Win32
		{2B83CA7C-1F84-4E22-9F37-8766EB3D7AF2}.Release|x86.Build.0 = Release|Win32
		{6A47704D-331B-4944-9D36-6854E11D21D7}.Debug|x64.ActiveCfg = Debug|x64
		{6A47704D-331B-4944-9D36-6854E11D21D7}.Debug|x64.Build.0 = Debug|x64
		{6A47704D-331B-4944-9D36-6854E11D21D7}.Debug|x86.ActiveCfg = Debug|Win32
		{6A47704D-331B-4944-9D36-6854E11D21D7}.Debug|x86.Build.0 = Debug|Win32
		{6A47704D-331B-4944-9D36-6854E11D21D7}.Release|x64.ActiveCfg = Release|x64
		{6A47704D-331B-4944-9D36-6854E11D21D7}.Release|x64.Build.0 = Release|x64
		{6A47704D-331B-4944-9D36-6854E11D21D7}.Release|x86.ActiveCfg = Release|Win32
		{6A47704D-331B-4944-9D36-6854E11D21D7}.Release|x86.Build.0 = Release|Win32
		{581FC684-3D64-418B-801F-71D0C03B7FC9}.Debug|x64.ActiveCfg = Debug|x64
		{581FC684-3D64-418B-801F-71D0C03B7FC9}.Debug|x64.Build.0 = Debug|x64
		{581FC684-3D64-418B-801F-71D0C03B7FC9}.Debug|x86.ActiveCfg = Debug|Win32
		{581FC684-3D64-418B-801F-71D0C03B7FC9}.Debug|x86.Build.0 = Debug|Win32
		{581FC684-3D64-418B-801F-71D0C03B7FC9}.Release|x64.ActiveCfg = Release|x64
		{581FC684-3D64-418B-801F-71D0C03B7FC9}.Release|x64.Build.0 = Release|x64
		{581FC684-3D64-418B-801F-71D0C03B7FC9}.Release|x86.ActiveCfg = Release|Win32
		{581FC684-3D64-418B-801F-71D0C03B7FC9}.Release|x86.Build.0 = Release|Win32
		{7396AD11-E688-47E1-A4D5-78237946D144}.Debug|x64.ActiveCfg = Debug|x64
		{7396AD11-E688-47E1-A4D5-78237946D144}.Debug|x64.Build.0 = Debug|x64
		{7396AD11-E688-47E1-A4D5-78237946D144}.Debug|x86.ActiveCfg = Debug|Win32
		{7396AD11-E688-47E1-A4D5-78237946D144}.Debug|x86.Build.0 = Debug|Win32
		{7396AD11-E688-47E1-A4D5-78237946D144}.Release|x64.ActiveCfg = Release|x64
		{7396AD11-E688-47E1-A4D5-78237946D144}.Release|x64.Build.0 = Release|x64
		{7396AD11-E688-47E1-A4D5-78237946D144}.Release|x86.ActiveCfg = Release|Win32
		{7396AD11-E688-47E1-A4D5-78237946D144}.Release|x86.Build.0 = Release|Win32
	EndGlobalSection
	GlobalSection(SolutionProperties) = preSolution
		HideSolutionNode = FALSE
	EndGlobalSection
	GlobalSection(NestedProjects) = preSolution
		{00F62830-C38C-4F11-953A-D47A111DBB31} = {6CF6698B-B959-485B-BE10-CEB2DE288AEA}
		{C89B287C-C6FE-4F65-8311-0017EFF81185} = {9BACC3CF-5ABD-4930-91AC-EBA7D75A0927}
		{992DFA7D-1CD9-491D-A144-858FB983F8A9} = {9BACC3CF-5ABD-4930-91AC-EBA7D75A0927}
		{DFD67BF7-D44C-41D7-BAF2-1A876669B0D6} = {9BACC3CF-5ABD-4930-91AC-EBA7D75A0927}
		{A6ED73D3-91EC-4C10-A64B-686E4F0D85A8} = {9BACC3CF-5ABD-4930-91AC-EBA7D75A0927}
		{72F389FA-0BA9-4C37-860C-D74C91210D5E} = {9BACC3CF-5ABD-4930-91AC-EBA7D75A0927}
		{520B8AC7-1340-470F-BD22-BF8BE25CE197} = {E1D3AAB2-231B-4505-83D5-CF79AB61EAE8}
		{4757F5F7-E6C3-44C2-8728-A8B850DB880F} = {9BACC3CF-5ABD-4930-91AC-EBA7D75A0927}
		{9DC3839F-FDDE-419C-95A2-E9A9E156C889} = {EB1F113D-6B3B-45CA-BED6-8BFE5D335C3E}
		{2B83CA7C-1F84-4E22-9F37-8766EB3D7AF2} = {9BACC3CF-5ABD-4930-91AC-EBA7D75A0927}
		{6A47704D-331B-4944-9D36-6854E11D21D7} = {E1D3AAB2-231B-4505-83D5-CF79AB61EAE8}
		{581FC684-3D64-418B-801F-71D0C03B7FC9} = {EB1F113D-6B3B-45CA-BED6-8BFE5D335C3E}
		{7396AD11-E688-47E1-A4D5-78237946D144} = {EB1F113D-6B3B-45CA-BED6-8BFE5D335C3E}
		{1C3B5426-1F97-4348-BD80-27CF12622DF9} = {EB1F113D-6B3B-45CA-BED6-8BFE5D335C3E}
	EndGlobalSection
	GlobalSection(ExtensibilityGlobals) = postSolution
		SolutionGuid = {F234F751-F69C-4AD0-9121-690200B16654}
	EndGlobalSection
EndGlobal
