<?xml version="1.0" encoding="utf-8"?>
<Project ToolsVersion="4.0" xmlns="http://schemas.microsoft.com/developer/msbuild/2003">
  <ItemGroup>
    <ClCompile Include="Node.cpp" />
    <ClCompile Include="Octree.cpp" />
    <ClCompile Include="Timer.cpp" />
    <ClCompile Include="main.cpp">
      <Filter>메인 파일</Filter>
    </ClCompile>
    <ClCompile Include="Math.cpp" />
  </ItemGroup>
  <ItemGroup>
    <ClInclude Include="Collision.h">
      <Filter>헤더 파일</Filter>
    </ClInclude>
    <ClInclude Include="Node.h">
      <Filter>헤더 파일</Filter>
    </ClInclude>
    <ClInclude Include="Object.h">
      <Filter>헤더 파일</Filter>
    </ClInclude>
    <ClInclude Include="Octree.h">
      <Filter>헤더 파일</Filter>
    </ClInclude>
    <ClInclude Include="Utils.h">
      <Filter>헤더 파일</Filter>
    </ClInclude>
    <ClInclude Include="Timer.h">
      <Filter>헤더 파일</Filter>
    </ClInclude>
    <ClInclude Include="Math.h">
      <Filter>헤더 파일</Filter>
    </ClInclude>
  </ItemGroup>
  <ItemGroup>
    <Filter Include="헤더 파일">
      <UniqueIdentifier>{ee9ebcd4-0acd-4fc9-be92-47ec4b75c738}</UniqueIdentifier>
    </Filter>
    <Filter Include="메인 파일">
      <UniqueIdentifier>{ff55fd53-29c3-465b-a0a3-45ae9fe67e4c}</UniqueIdentifier>
    </Filter>
  </ItemGroup>
</Project>