<?xml version="1.0" encoding="utf-8"?>
<Project ToolsVersion="4.0" xmlns="http://schemas.microsoft.com/developer/msbuild/2003">
  <ItemGroup>
    <Filter Include="헤더파일">
      <UniqueIdentifier>{ff11beb6-8891-42b4-82f0-44dff09f7562}</UniqueIdentifier>
    </Filter>
    <Filter Include="소스파일">
      <UniqueIdentifier>{18cbdd79-bf29-4aa1-9f90-c416d1d5b2cb}</UniqueIdentifier>
    </Filter>
    <Filter Include="WIC">
      <UniqueIdentifier>{e30dea3b-e644-494d-a326-20433fa3d8d3}</UniqueIdentifier>
    </Filter>
  </ItemGroup>
  <ItemGroup>
    <ClInclude Include="KCore.h">
      <Filter>헤더파일</Filter>
    </ClInclude>
    <ClInclude Include="KSample.h">
      <Filter>헤더파일</Filter>
    </ClInclude>
    <ClInclude Include="KWindow.h">
      <Filter>헤더파일</Filter>
    </ClInclude>
    <ClInclude Include="KDevice.h">
      <Filter>헤더파일</Filter>
    </ClInclude>
    <ClInclude Include="KStd.h">
      <Filter>헤더파일</Filter>
    </ClInclude>
    <ClInclude Include="WIC\DDS.h">
      <Filter>WIC</Filter>
    </ClInclude>
    <ClInclude Include="WIC\DDSTextureLoader.h">
      <Filter>WIC</Filter>
    </ClInclude>
    <ClInclude Include="WIC\DirectXHelpers.h">
      <Filter>WIC</Filter>
    </ClInclude>
    <ClInclude Include="WIC\LoaderHelpers.h">
      <Filter>WIC</Filter>
    </ClInclude>
    <ClInclude Include="WIC\pch.h">
      <Filter>WIC</Filter>
    </ClInclude>
    <ClInclude Include="WIC\PlatformHelpers.h">
      <Filter>WIC</Filter>
    </ClInclude>
    <ClInclude Include="WIC\ScreenGrab.h">
      <Filter>WIC</Filter>
    </ClInclude>
    <ClInclude Include="WIC\WICTextureLoader.h">
      <Filter>WIC</Filter>
    </ClInclude>
    <ClInclude Include="KObject.h">
      <Filter>헤더파일</Filter>
    </ClInclude>
    <ClInclude Include="KShaderMgr.h">
      <Filter>헤더파일</Filter>
    </ClInclude>
    <ClInclude Include="KTextureMgr.h">
      <Filter>헤더파일</Filter>
    </ClInclude>
    <ClInclude Include="KMath.h">
      <Filter>헤더파일</Filter>
    </ClInclude>
    <ClInclude Include="KTimer.h">
      <Filter>헤더파일</Filter>
    </ClInclude>
    <ClInclude Include="KUtils.h">
      <Filter>헤더파일</Filter>
    </ClInclude>
    <ClInclude Include="KPlaneObj.h">
      <Filter>헤더파일</Filter>
    </ClInclude>
  </ItemGroup>
  <ItemGroup>
    <ClCompile Include="KWindow.cpp">
      <Filter>소스파일</Filter>
    </ClCompile>
    <ClCompile Include="KCore.cpp">
      <Filter>소스파일</Filter>
    </ClCompile>
    <ClCompile Include="KSample.cpp" />
    <ClCompile Include="WIC\DDSTextureLoader.cpp">
      <Filter>WIC</Filter>
    </ClCompile>
    <ClCompile Include="WIC\ScreenGrab.cpp">
      <Filter>WIC</Filter>
    </ClCompile>
    <ClCompile Include="WIC\WICTextureLoader.cpp">
      <Filter>WIC</Filter>
    </ClCompile>
    <ClCompile Include="KDevice.cpp">
      <Filter>소스파일</Filter>
    </ClCompile>
    <ClCompile Include="KObject.cpp">
      <Filter>소스파일</Filter>
    </ClCompile>
    <ClCompile Include="KShaderMgr.cpp">
      <Filter>소스파일</Filter>
    </ClCompile>
    <ClCompile Include="KTextureMgr.cpp">
      <Filter>소스파일</Filter>
    </ClCompile>
    <ClCompile Include="KMath.cpp">
      <Filter>소스파일</Filter>
    </ClCompile>
    <ClCompile Include="KTimer.cpp">
      <Filter>소스파일</Filter>
    </ClCompile>
    <ClCompile Include="KUtils.cpp">
      <Filter>소스파일</Filter>
    </ClCompile>
    <ClCompile Include="KPlaneObj.cpp">
      <Filter>소스파일</Filter>
    </ClCompile>
  </ItemGroup>
  <ItemGroup>
    <FxCompile Include="Plane.hlsl" />
  </ItemGroup>
</Project>